// !$*UTF8*$!
{
	archiveVersion = 1;
	classes = {
	};
	objectVersion = 77;
	objects = {

/* Begin PBXBuildFile section */
		476019562E1D1F5100B2BD50 /* Lottie in Frameworks */ = {isa = PBXBuildFile; productRef = 476019552E1D1F5100B2BD50 /* Lottie */; };
		47992D052E0BBD9200D0756A /* Kingfisher in Frameworks */ = {isa = PBXBuildFile; productRef = 47992D042E0BBD9200D0756A /* Kingfisher */; };
		47A725F22E03D2B700616FE2 /* Clerk in Frameworks */ = {isa = PBXBuildFile; productRef = 47A725F12E03D2B700616FE2 /* Clerk */; };
/* End PBXBuildFile section */

/* Begin PBXContainerItemProxy section */
		47C504152DF69FE900D30B0B /* PBXContainerItemProxy */ = {
			isa = PBXContainerItemProxy;
			containerPortal = 47C503FC2DF69FE700D30B0B /* Project object */;
			proxyType = 1;
			remoteGlobalIDString = 47C504032DF69FE700D30B0B;
			remoteInfo = adet;
		};
		47C5041F2DF69FE900D30B0B /* PBXContainerItemProxy */ = {
			isa = PBXContainerItemProxy;
			containerPortal = 47C503FC2DF69FE700D30B0B /* Project object */;
			proxyType = 1;
			remoteGlobalIDString = 47C504032DF69FE700D30B0B;
			remoteInfo = adet;
		};
/* End PBXContainerItemProxy section */

/* Begin PBXFileReference section */
		47C504042DF69FE700D30B0B /* adet.app */ = {isa = PBXFileReference; explicitFileType = wrapper.application; includeInIndex = 0; path = adet.app; sourceTree = BUILT_PRODUCTS_DIR; };
		47C504142DF69FE900D30B0B /* adetTests.xctest */ = {isa = PBXFileReference; explicitFileType = wrapper.cfbundle; includeInIndex = 0; path = adetTests.xctest; sourceTree = BUILT_PRODUCTS_DIR; };
		47C5041E2DF69FE900D30B0B /* adetUITests.xctest */ = {isa = PBXFileReference; explicitFileType = wrapper.cfbundle; includeInIndex = 0; path = adetUITests.xctest; sourceTree = BUILT_PRODUCTS_DIR; };
/* End PBXFileReference section */

/* Begin PBXFileSystemSynchronizedBuildFileExceptionSet section */
		47992BD72E071E8300D0756A /* Exceptions for "adet" folder in "adet" target */ = {
			isa = PBXFileSystemSynchronizedBuildFileExceptionSet;
			membershipExceptions = (
				adetApp.swift,
				Models/AITaskModels.swift,
				Models/APIModels.swift,
				Models/Chat.swift,
				Models/Friend.swift,
				Models/Habit.swift,
				Models/OnboardingAnswers.swift,
				Models/OnboardingStep.swift,
				Models/Post.swift,
				Models/Theme.swift,
				Models/User.swift,
				Modules/Auth/ViewModels/AuthViewModel.swift,
				Modules/Auth/Views/SignInView.swift,
				Modules/Auth/Views/SignUpView.swift,
				Modules/Auth/Views/VerificationView.swift,
				Modules/Auth/Views/WelcomeView.swift,
				Modules/Chats/ViewModels/ChatDetailViewModel.swift,
				Modules/Chats/ViewModels/ChatsListViewModel.swift,
				Modules/Chats/Views/ChatDetailView.swift,
				Modules/Chats/Views/ChatsListView.swift,
				Modules/Chats/Views/ChatsView.swift,
				Modules/Chats/Views/MessageConversationView.swift,
				Modules/Chats/Views/MessageRowView.swift,
				Modules/Friends/ViewModels/CloseFriendsViewModel.swift,
				Modules/Friends/ViewModels/FriendsViewModel.swift,
				Modules/Friends/ViewModels/OtherProfileViewModel.swift,
				Modules/Friends/Views/BlockUserView.swift,
				Modules/Friends/Views/CloseFriendsManagementView.swift,
				Modules/Friends/Views/FriendsView.swift,
				Modules/Friends/Views/OtherUserProfileView.swift,
				Modules/Friends/Views/ReportUserView.swift,
				Modules/Habits/ViewModels/HabitTaskState.swift,
				Modules/Habits/ViewModels/HabitViewModel.swift,
				Modules/Habits/Views/AddHabitCardView.swift,
				Modules/Habits/Views/AddHabitView.swift,
				Modules/Habits/Views/HabitCardView.swift,
				Modules/Habits/Views/HabitDetailsView.swift,
				Modules/Habits/Views/HabitsView.swift,
				Modules/Habits/Views/HabitTaskSectionView.swift,
				Modules/Habits/Views/ShareProofModalView.swift,
				Modules/Habits/Views/SubmitProofModalView.swift,
				Modules/Home/ViewModels/PostsViewModel.swift,
				Modules/Home/Views/FeedView.swift,
				Modules/Home/Views/HomeView.swift,
				Modules/Onboarding/Views/OnboardingView.swift,
				Modules/Onboarding/Views/QuestionPageView.swift,
				Modules/Profile/ViewModels/ProfileViewModel.swift,
				Modules/Profile/Views/EditProfileView.swift,
				Modules/Profile/Views/ProfileView.swift,
				Modules/Settings/Views/ContactSupportView.swift,
				Modules/Settings/Views/FAQView.swift,
				Modules/Settings/Views/PrivacyPolicyView.swift,
				Modules/Settings/Views/ReportBugView.swift,
				Modules/Settings/Views/SettingsView.swift,
				Modules/Settings/Views/TermsOfServiceView.swift,
				Resources/Assets.xcassets,
				Services/Auth/AuthManager.swift,
				Services/Auth/AuthService.swift,
				Services/Auth/ClerkAuthService.swift,
				Services/MediaCacheService.swift,
				Services/MediaCompressionService.swift,
				Services/Network/AITaskService.swift,
				Services/Network/APIService.swift,
				Services/Network/ChatAPIService.swift,
				Services/Network/FriendsAPIService.swift,
				Services/Network/NetworkError.swift,
				Services/Network/NetworkService.swift,
				Services/Network/PostService.swift,
				Services/Network/SupportService.swift,
				Services/Network/WebSocketManager.swift,
				Shared/Components/ButtonStyles.swift,
				Shared/Components/CameraView.swift,
				Shared/Components/Chats/ConversationCardView.swift,
				Shared/Components/Chats/MessageBubbleView.swift,
				Shared/Components/Chats/MessageInputView.swift,
				Shared/Components/Chats/ReplyIndicatorView.swift,
				Shared/Components/EmptyStatesViews.swift,
				Shared/Components/Friends/FriendCardView.swift,
				Shared/Components/Friends/FriendRequestCardView.swift,
				Shared/Components/Friends/UserSearchCardView.swift,
				Shared/Components/GradientOverlay.swift,
				Shared/Components/HabitDetailPickers.swift,
				Shared/Components/ImagePicker.swift,
				Shared/Components/LoadingButton.swift,
				Shared/Components/Posts/CommentsView.swift,
				Shared/Components/Posts/DateHeaderView.swift,
				Shared/Components/Posts/PostCardView.swift,
				Shared/Components/Posts/PrivacySelectionView.swift,
				Shared/Components/ProfileImageView.swift,
				Shared/Components/ShimmerEffect.swift,
				Shared/Components/SuccessToast.swift,
				Shared/Components/TextFieldStyles.swift,
				Shared/Components/TextStyles.swift,
				Shared/Components/ToastManager.swift,
				Shared/Components/ToastView.swift,
				Shared/Components/TypingText.swift,
				Shared/Components/VideoPicker.swift,
				Shared/Extensions/Colors.swift,
				Shared/Extensions/CombineExtensions.swift,
				Shared/RootView.swift,
				Shared/TabBarView.swift,
				Shared/Utilities/APIConfig.swift,
				Shared/Utilities/ContentLimits.swift,
				Shared/Utilities/HapticManager.swift,
				Shared/Utilities/NotificationManager.swift,
				Shared/Utilities/PermissionManager.swift,
				Shared/Utilities/SharingHelper.swift,
				Shared/Utilities/Translations.swift,
			);
			target = 47C504032DF69FE700D30B0B /* adet */;
		};
/* End PBXFileSystemSynchronizedBuildFileExceptionSet section */

/* Begin PBXFileSystemSynchronizedRootGroup section */
		47992BAC2E071E6600D0756A /* adet */ = {
			isa = PBXFileSystemSynchronizedRootGroup;
			exceptions = (
				47992BD72E071E8300D0756A /* Exceptions for "adet" folder in "adet" target */,
			);
			path = adet;
			sourceTree = "<group>";
		};
		47C504172DF69FE900D30B0B /* adetTests */ = {
			isa = PBXFileSystemSynchronizedRootGroup;
			path = adetTests;
			sourceTree = "<group>";
		};
		47C504212DF69FE900D30B0B /* adetUITests */ = {
			isa = PBXFileSystemSynchronizedRootGroup;
			path = adetUITests;
			sourceTree = "<group>";
		};
/* End PBXFileSystemSynchronizedRootGroup section */

/* Begin PBXFrameworksBuildPhase section */
		47C504012DF69FE700D30B0B /* Frameworks */ = {
			isa = PBXFrameworksBuildPhase;
			buildActionMask = 2147483647;
			files = (
				47992D052E0BBD9200D0756A /* Kingfisher in Frameworks */,
				47A725F22E03D2B700616FE2 /* Clerk in Frameworks */,
				476019562E1D1F5100B2BD50 /* Lottie in Frameworks */,
			);
			runOnlyForDeploymentPostprocessing = 0;
		};
		47C504112DF69FE900D30B0B /* Frameworks */ = {
			isa = PBXFrameworksBuildPhase;
			buildActionMask = 2147483647;
			files = (
			);
			runOnlyForDeploymentPostprocessing = 0;
		};
		47C5041B2DF69FE900D30B0B /* Frameworks */ = {
			isa = PBXFrameworksBuildPhase;
			buildActionMask = 2147483647;
			files = (
			);
			runOnlyForDeploymentPostprocessing = 0;
		};
/* End PBXFrameworksBuildPhase section */

/* Begin PBXGroup section */
		47C503FB2DF69FE700D30B0B = {
			isa = PBXGroup;
			children = (
				47992BAC2E071E6600D0756A /* adet */,
				47C504172DF69FE900D30B0B /* adetTests */,
				47C504212DF69FE900D30B0B /* adetUITests */,
				47C504052DF69FE700D30B0B /* Products */,
			);
			sourceTree = "<group>";
		};
		47C504052DF69FE700D30B0B /* Products */ = {
			isa = PBXGroup;
			children = (
				47C504042DF69FE700D30B0B /* adet.app */,
				47C504142DF69FE900D30B0B /* adetTests.xctest */,
				47C5041E2DF69FE900D30B0B /* adetUITests.xctest */,
			);
			name = Products;
			sourceTree = "<group>";
		};
/* End PBXGroup section */

/* Begin PBXNativeTarget section */
		47C504032DF69FE700D30B0B /* adet */ = {
			isa = PBXNativeTarget;
			buildConfigurationList = 47C504282DF69FE900D30B0B /* Build configuration list for PBXNativeTarget "adet" */;
			buildPhases = (
				47C504002DF69FE700D30B0B /* Sources */,
				47C504012DF69FE700D30B0B /* Frameworks */,
				47C504022DF69FE700D30B0B /* Resources */,
			);
			buildRules = (
			);
			dependencies = (
			);
			name = adet;
			packageProductDependencies = (
				47A725F12E03D2B700616FE2 /* Clerk */,
				47992D042E0BBD9200D0756A /* Kingfisher */,
				476019552E1D1F5100B2BD50 /* Lottie */,
			);
			productName = adet;
			productReference = 47C504042DF69FE700D30B0B /* adet.app */;
			productType = "com.apple.product-type.application";
		};
		47C504132DF69FE900D30B0B /* adetTests */ = {
			isa = PBXNativeTarget;
			buildConfigurationList = 47C5042B2DF69FE900D30B0B /* Build configuration list for PBXNativeTarget "adetTests" */;
			buildPhases = (
				47C504102DF69FE900D30B0B /* Sources */,
				47C504112DF69FE900D30B0B /* Frameworks */,
				47C504122DF69FE900D30B0B /* Resources */,
			);
			buildRules = (
			);
			dependencies = (
				47C504162DF69FE900D30B0B /* PBXTargetDependency */,
			);
			fileSystemSynchronizedGroups = (
				47C504172DF69FE900D30B0B /* adetTests */,
			);
			name = adetTests;
			packageProductDependencies = (
			);
			productName = adetTests;
			productReference = 47C504142DF69FE900D30B0B /* adetTests.xctest */;
			productType = "com.apple.product-type.bundle.unit-test";
		};
		47C5041D2DF69FE900D30B0B /* adetUITests */ = {
			isa = PBXNativeTarget;
			buildConfigurationList = 47C5042E2DF69FE900D30B0B /* Build configuration list for PBXNativeTarget "adetUITests" */;
			buildPhases = (
				47C5041A2DF69FE900D30B0B /* Sources */,
				47C5041B2DF69FE900D30B0B /* Frameworks */,
				47C5041C2DF69FE900D30B0B /* Resources */,
			);
			buildRules = (
			);
			dependencies = (
				47C504202DF69FE900D30B0B /* PBXTargetDependency */,
			);
			fileSystemSynchronizedGroups = (
				47C504212DF69FE900D30B0B /* adetUITests */,
			);
			name = adetUITests;
			packageProductDependencies = (
			);
			productName = adetUITests;
			productReference = 47C5041E2DF69FE900D30B0B /* adetUITests.xctest */;
			productType = "com.apple.product-type.bundle.ui-testing";
		};
/* End PBXNativeTarget section */

/* Begin PBXProject section */
		47C503FC2DF69FE700D30B0B /* Project object */ = {
			isa = PBXProject;
			attributes = {
				BuildIndependentTargetsInParallel = 1;
				LastSwiftUpdateCheck = 1620;
				LastUpgradeCheck = 1620;
				TargetAttributes = {
					47C504032DF69FE700D30B0B = {
						CreatedOnToolsVersion = 16.2;
					};
					47C504132DF69FE900D30B0B = {
						CreatedOnToolsVersion = 16.2;
						TestTargetID = 47C504032DF69FE700D30B0B;
					};
					47C5041D2DF69FE900D30B0B = {
						CreatedOnToolsVersion = 16.2;
						TestTargetID = 47C504032DF69FE700D30B0B;
					};
				};
			};
			buildConfigurationList = 47C503FF2DF69FE700D30B0B /* Build configuration list for PBXProject "adet" */;
			developmentRegion = en;
			hasScannedForEncodings = 0;
			knownRegions = (
				en,
				Base,
			);
			mainGroup = 47C503FB2DF69FE700D30B0B;
			minimizedProjectReferenceProxies = 1;
			packageReferences = (
				47A725F02E03D2B700616FE2 /* XCRemoteSwiftPackageReference "clerk-ios" */,
				47992D032E0BBD9200D0756A /* XCRemoteSwiftPackageReference "Kingfisher" */,
				476019542E1D1F5100B2BD50 /* XCRemoteSwiftPackageReference "lottie-spm" */,
			);
			preferredProjectObjectVersion = 77;
			productRefGroup = 47C504052DF69FE700D30B0B /* Products */;
			projectDirPath = "";
			projectRoot = "";
			targets = (
				47C504032DF69FE700D30B0B /* adet */,
				47C504132DF69FE900D30B0B /* adetTests */,
				47C5041D2DF69FE900D30B0B /* adetUITests */,
			);
		};
/* End PBXProject section */

/* Begin PBXResourcesBuildPhase section */
		47C504022DF69FE700D30B0B /* Resources */ = {
			isa = PBXResourcesBuildPhase;
			buildActionMask = 2147483647;
			files = (
			);
			runOnlyForDeploymentPostprocessing = 0;
		};
		47C504122DF69FE900D30B0B /* Resources */ = {
			isa = PBXResourcesBuildPhase;
			buildActionMask = 2147483647;
			files = (
			);
			runOnlyForDeploymentPostprocessing = 0;
		};
		47C5041C2DF69FE900D30B0B /* Resources */ = {
			isa = PBXResourcesBuildPhase;
			buildActionMask = 2147483647;
			files = (
			);
			runOnlyForDeploymentPostprocessing = 0;
		};
/* End PBXResourcesBuildPhase section */

/* Begin PBXSourcesBuildPhase section */
		47C504002DF69FE700D30B0B /* Sources */ = {
			isa = PBXSourcesBuildPhase;
			buildActionMask = 2147483647;
			files = (
			);
			runOnlyForDeploymentPostprocessing = 0;
		};
		47C504102DF69FE900D30B0B /* Sources */ = {
			isa = PBXSourcesBuildPhase;
			buildActionMask = 2147483647;
			files = (
			);
			runOnlyForDeploymentPostprocessing = 0;
		};
		47C5041A2DF69FE900D30B0B /* Sources */ = {
			isa = PBXSourcesBuildPhase;
			buildActionMask = 2147483647;
			files = (
			);
			runOnlyForDeploymentPostprocessing = 0;
		};
/* End PBXSourcesBuildPhase section */

/* Begin PBXTargetDependency section */
		47C504162DF69FE900D30B0B /* PBXTargetDependency */ = {
			isa = PBXTargetDependency;
			target = 47C504032DF69FE700D30B0B /* adet */;
			targetProxy = 47C504152DF69FE900D30B0B /* PBXContainerItemProxy */;
		};
		47C504202DF69FE900D30B0B /* PBXTargetDependency */ = {
			isa = PBXTargetDependency;
			target = 47C504032DF69FE700D30B0B /* adet */;
			targetProxy = 47C5041F2DF69FE900D30B0B /* PBXContainerItemProxy */;
		};
/* End PBXTargetDependency section */

/* Begin XCBuildConfiguration section */
		47C504262DF69FE900D30B0B /* Debug */ = {
			isa = XCBuildConfiguration;
			buildSettings = {
				ALWAYS_SEARCH_USER_PATHS = NO;
				ASSETCATALOG_COMPILER_GENERATE_SWIFT_ASSET_SYMBOL_EXTENSIONS = YES;
				CLANG_ANALYZER_NONNULL = YES;
				CLANG_ANALYZER_NUMBER_OBJECT_CONVERSION = YES_AGGRESSIVE;
				CLANG_CXX_LANGUAGE_STANDARD = "gnu++20";
				CLANG_ENABLE_MODULES = YES;
				CLANG_ENABLE_OBJC_ARC = YES;
				CLANG_ENABLE_OBJC_WEAK = YES;
				CLANG_WARN_BLOCK_CAPTURE_AUTORELEASING = YES;
				CLANG_WARN_BOOL_CONVERSION = YES;
				CLANG_WARN_COMMA = YES;
				CLANG_WARN_CONSTANT_CONVERSION = YES;
				CLANG_WARN_DEPRECATED_OBJC_IMPLEMENTATIONS = YES;
				CLANG_WARN_DIRECT_OBJC_ISA_USAGE = YES_ERROR;
				CLANG_WARN_DOCUMENTATION_COMMENTS = YES;
				CLANG_WARN_EMPTY_BODY = YES;
				CLANG_WARN_ENUM_CONVERSION = YES;
				CLANG_WARN_INFINITE_RECURSION = YES;
				CLANG_WARN_INT_CONVERSION = YES;
				CLANG_WARN_NON_LITERAL_NULL_CONVERSION = YES;
				CLANG_WARN_OBJC_IMPLICIT_RETAIN_SELF = YES;
				CLANG_WARN_OBJC_LITERAL_CONVERSION = YES;
				CLANG_WARN_OBJC_ROOT_CLASS = YES_ERROR;
				CLANG_WARN_QUOTED_INCLUDE_IN_FRAMEWORK_HEADER = YES;
				CLANG_WARN_RANGE_LOOP_ANALYSIS = YES;
				CLANG_WARN_STRICT_PROTOTYPES = YES;
				CLANG_WARN_SUSPICIOUS_MOVE = YES;
				CLANG_WARN_UNGUARDED_AVAILABILITY = YES_AGGRESSIVE;
				CLANG_WARN_UNREACHABLE_CODE = YES;
				CLANG_WARN__DUPLICATE_METHOD_MATCH = YES;
				COPY_PHASE_STRIP = NO;
				DEBUG_INFORMATION_FORMAT = dwarf;
				ENABLE_STRICT_OBJC_MSGSEND = YES;
				ENABLE_TESTABILITY = YES;
				ENABLE_USER_SCRIPT_SANDBOXING = YES;
				GCC_C_LANGUAGE_STANDARD = gnu17;
				GCC_DYNAMIC_NO_PIC = NO;
				GCC_NO_COMMON_BLOCKS = YES;
				GCC_OPTIMIZATION_LEVEL = 0;
				GCC_PREPROCESSOR_DEFINITIONS = (
					"DEBUG=1",
					"$(inherited)",
				);
				GCC_WARN_64_TO_32_BIT_CONVERSION = YES;
				GCC_WARN_ABOUT_RETURN_TYPE = YES_ERROR;
				GCC_WARN_UNDECLARED_SELECTOR = YES;
				GCC_WARN_UNINITIALIZED_AUTOS = YES_AGGRESSIVE;
				GCC_WARN_UNUSED_FUNCTION = YES;
				GCC_WARN_UNUSED_VARIABLE = YES;
				IPHONEOS_DEPLOYMENT_TARGET = 18.2;
				LOCALIZATION_PREFERS_STRING_CATALOGS = YES;
				MTL_ENABLE_DEBUG_INFO = INCLUDE_SOURCE;
				MTL_FAST_MATH = YES;
				ONLY_ACTIVE_ARCH = YES;
				SDKROOT = iphoneos;
				SWIFT_ACTIVE_COMPILATION_CONDITIONS = "DEBUG $(inherited)";
				SWIFT_OPTIMIZATION_LEVEL = "-Onone";
			};
			name = Debug;
		};
		47C504272DF69FE900D30B0B /* Release */ = {
			isa = XCBuildConfiguration;
			buildSettings = {
				ALWAYS_SEARCH_USER_PATHS = NO;
				ASSETCATALOG_COMPILER_GENERATE_SWIFT_ASSET_SYMBOL_EXTENSIONS = YES;
				CLANG_ANALYZER_NONNULL = YES;
				CLANG_ANALYZER_NUMBER_OBJECT_CONVERSION = YES_AGGRESSIVE;
				CLANG_CXX_LANGUAGE_STANDARD = "gnu++20";
				CLANG_ENABLE_MODULES = YES;
				CLANG_ENABLE_OBJC_ARC = YES;
				CLANG_ENABLE_OBJC_WEAK = YES;
				CLANG_WARN_BLOCK_CAPTURE_AUTORELEASING = YES;
				CLANG_WARN_BOOL_CONVERSION = YES;
				CLANG_WARN_COMMA = YES;
				CLANG_WARN_CONSTANT_CONVERSION = YES;
				CLANG_WARN_DEPRECATED_OBJC_IMPLEMENTATIONS = YES;
				CLANG_WARN_DIRECT_OBJC_ISA_USAGE = YES_ERROR;
				CLANG_WARN_DOCUMENTATION_COMMENTS = YES;
				CLANG_WARN_EMPTY_BODY = YES;
				CLANG_WARN_ENUM_CONVERSION = YES;
				CLANG_WARN_INFINITE_RECURSION = YES;
				CLANG_WARN_INT_CONVERSION = YES;
				CLANG_WARN_NON_LITERAL_NULL_CONVERSION = YES;
				CLANG_WARN_OBJC_IMPLICIT_RETAIN_SELF = YES;
				CLANG_WARN_OBJC_LITERAL_CONVERSION = YES;
				CLANG_WARN_OBJC_ROOT_CLASS = YES_ERROR;
				CLANG_WARN_QUOTED_INCLUDE_IN_FRAMEWORK_HEADER = YES;
				CLANG_WARN_RANGE_LOOP_ANALYSIS = YES;
				CLANG_WARN_STRICT_PROTOTYPES = YES;
				CLANG_WARN_SUSPICIOUS_MOVE = YES;
				CLANG_WARN_UNGUARDED_AVAILABILITY = YES_AGGRESSIVE;
				CLANG_WARN_UNREACHABLE_CODE = YES;
				CLANG_WARN__DUPLICATE_METHOD_MATCH = YES;
				COPY_PHASE_STRIP = NO;
				DEBUG_INFORMATION_FORMAT = "dwarf-with-dsym";
				ENABLE_NS_ASSERTIONS = NO;
				ENABLE_STRICT_OBJC_MSGSEND = YES;
				ENABLE_USER_SCRIPT_SANDBOXING = YES;
				GCC_C_LANGUAGE_STANDARD = gnu17;
				GCC_NO_COMMON_BLOCKS = YES;
				GCC_WARN_64_TO_32_BIT_CONVERSION = YES;
				GCC_WARN_ABOUT_RETURN_TYPE = YES_ERROR;
				GCC_WARN_UNDECLARED_SELECTOR = YES;
				GCC_WARN_UNINITIALIZED_AUTOS = YES_AGGRESSIVE;
				GCC_WARN_UNUSED_FUNCTION = YES;
				GCC_WARN_UNUSED_VARIABLE = YES;
				IPHONEOS_DEPLOYMENT_TARGET = 18.2;
				LOCALIZATION_PREFERS_STRING_CATALOGS = YES;
				MTL_ENABLE_DEBUG_INFO = NO;
				MTL_FAST_MATH = YES;
				SDKROOT = iphoneos;
				SWIFT_COMPILATION_MODE = wholemodule;
				VALIDATE_PRODUCT = YES;
			};
			name = Release;
		};
		47C504292DF69FE900D30B0B /* Debug */ = {
			isa = XCBuildConfiguration;
			buildSettings = {
				ASSETCATALOG_COMPILER_APPICON_NAME = AppIcon;
				ASSETCATALOG_COMPILER_GLOBAL_ACCENT_COLOR_NAME = AccentColor;
				ASSETCATALOG_COMPILER_INCLUDE_ALL_APPICON_ASSETS = YES;
				CODE_SIGN_STYLE = Automatic;
				CURRENT_PROJECT_VERSION = 1;
				DEVELOPMENT_ASSET_PATHS = "\"adet/Resources/Preview Content\"";
				DEVELOPMENT_TEAM = M5YPTF3F3J;
				ENABLE_PREVIEWS = YES;
				GENERATE_INFOPLIST_FILE = YES;
				INFOPLIST_FILE = adet/Info.plist;
				INFOPLIST_KEY_CFBundleDisplayName = "ädet";
				INFOPLIST_KEY_LSApplicationCategoryType = "public.app-category.productivity";
				INFOPLIST_KEY_UIApplicationSceneManifest_Generation = YES;
				INFOPLIST_KEY_UIApplicationSupportsIndirectInputEvents = YES;
				INFOPLIST_KEY_UILaunchScreen_Generation = YES;
				INFOPLIST_KEY_UIStatusBarStyle = UIStatusBarStyleDarkContent;
				INFOPLIST_KEY_UISupportedInterfaceOrientations = "UIInterfaceOrientationLandscapeLeft UIInterfaceOrientationLandscapeRight UIInterfaceOrientationPortrait";
				INFOPLIST_KEY_UISupportedInterfaceOrientations_iPad = "UIInterfaceOrientationLandscapeLeft UIInterfaceOrientationLandscapeRight UIInterfaceOrientationPortrait UIInterfaceOrientationPortraitUpsideDown";
				IPHONEOS_DEPLOYMENT_TARGET = 17.6;
				LD_RUNPATH_SEARCH_PATHS = (
					"$(inherited)",
					"@executable_path/Frameworks",
				);
				MARKETING_VERSION = 1.0;
				PRODUCT_BUNDLE_IDENTIFIER = "Yergebayev-Alimkhan.adet";
				PRODUCT_NAME = "$(TARGET_NAME)";
				SWIFT_EMIT_LOC_STRINGS = YES;
				SWIFT_VERSION = 5.0;
				TARGETED_DEVICE_FAMILY = "1,2";
			};
			name = Debug;
		};
		47C5042A2DF69FE900D30B0B /* Release */ = {
			isa = XCBuildConfiguration;
			buildSettings = {
				ASSETCATALOG_COMPILER_APPICON_NAME = AppIcon;
				ASSETCATALOG_COMPILER_GLOBAL_ACCENT_COLOR_NAME = AccentColor;
				ASSETCATALOG_COMPILER_INCLUDE_ALL_APPICON_ASSETS = YES;
				CODE_SIGN_STYLE = Automatic;
				CURRENT_PROJECT_VERSION = 1;
				DEVELOPMENT_ASSET_PATHS = "\"adet/Resources/Preview Content\"";
				DEVELOPMENT_TEAM = M5YPTF3F3J;
				ENABLE_PREVIEWS = YES;
				GENERATE_INFOPLIST_FILE = YES;
				INFOPLIST_FILE = adet/Info.plist;
				INFOPLIST_KEY_CFBundleDisplayName = "ädet";
				INFOPLIST_KEY_LSApplicationCategoryType = "public.app-category.productivity";
				INFOPLIST_KEY_UIApplicationSceneManifest_Generation = YES;
				INFOPLIST_KEY_UIApplicationSupportsIndirectInputEvents = YES;
				INFOPLIST_KEY_UILaunchScreen_Generation = YES;
				INFOPLIST_KEY_UIStatusBarStyle = UIStatusBarStyleDarkContent;
				INFOPLIST_KEY_UISupportedInterfaceOrientations = "UIInterfaceOrientationLandscapeLeft UIInterfaceOrientationLandscapeRight UIInterfaceOrientationPortrait";
				INFOPLIST_KEY_UISupportedInterfaceOrientations_iPad = "UIInterfaceOrientationLandscapeLeft UIInterfaceOrientationLandscapeRight UIInterfaceOrientationPortrait UIInterfaceOrientationPortraitUpsideDown";
				IPHONEOS_DEPLOYMENT_TARGET = 17.6;
				LD_RUNPATH_SEARCH_PATHS = (
					"$(inherited)",
					"@executable_path/Frameworks",
				);
				MARKETING_VERSION = 1.0;
				PRODUCT_BUNDLE_IDENTIFIER = "Yergebayev-Alimkhan.adet";
				PRODUCT_NAME = "$(TARGET_NAME)";
				SWIFT_EMIT_LOC_STRINGS = YES;
				SWIFT_VERSION = 5.0;
				TARGETED_DEVICE_FAMILY = "1,2";
			};
			name = Release;
		};
		47C5042C2DF69FE900D30B0B /* Debug */ = {
			isa = XCBuildConfiguration;
			buildSettings = {
				BUNDLE_LOADER = "$(TEST_HOST)";
				CODE_SIGN_STYLE = Automatic;
				CURRENT_PROJECT_VERSION = 1;
				DEVELOPMENT_TEAM = M5YPTF3F3J;
				GENERATE_INFOPLIST_FILE = YES;
				IPHONEOS_DEPLOYMENT_TARGET = 18.2;
				MARKETING_VERSION = 1.0;
				PRODUCT_BUNDLE_IDENTIFIER = "Yergebayev-Alimkhan.adetTests";
				PRODUCT_NAME = "$(TARGET_NAME)";
				SWIFT_EMIT_LOC_STRINGS = NO;
				SWIFT_VERSION = 5.0;
				TARGETED_DEVICE_FAMILY = "1,2";
				TEST_HOST = "$(BUILT_PRODUCTS_DIR)/adet.app/$(BUNDLE_EXECUTABLE_FOLDER_PATH)/adet";
			};
			name = Debug;
		};
		47C5042D2DF69FE900D30B0B /* Release */ = {
			isa = XCBuildConfiguration;
			buildSettings = {
				BUNDLE_LOADER = "$(TEST_HOST)";
				CODE_SIGN_STYLE = Automatic;
				CURRENT_PROJECT_VERSION = 1;
				DEVELOPMENT_TEAM = M5YPTF3F3J;
				GENERATE_INFOPLIST_FILE = YES;
				IPHONEOS_DEPLOYMENT_TARGET = 18.2;
				MARKETING_VERSION = 1.0;
				PRODUCT_BUNDLE_IDENTIFIER = "Yergebayev-Alimkhan.adetTests";
				PRODUCT_NAME = "$(TARGET_NAME)";
				SWIFT_EMIT_LOC_STRINGS = NO;
				SWIFT_VERSION = 5.0;
				TARGETED_DEVICE_FAMILY = "1,2";
				TEST_HOST = "$(BUILT_PRODUCTS_DIR)/adet.app/$(BUNDLE_EXECUTABLE_FOLDER_PATH)/adet";
			};
			name = Release;
		};
		47C5042F2DF69FE900D30B0B /* Debug */ = {
			isa = XCBuildConfiguration;
			buildSettings = {
				CODE_SIGN_STYLE = Automatic;
				CURRENT_PROJECT_VERSION = 1;
				DEVELOPMENT_TEAM = M5YPTF3F3J;
				GENERATE_INFOPLIST_FILE = YES;
				MARKETING_VERSION = 1.0;
				PRODUCT_BUNDLE_IDENTIFIER = "Yergebayev-Alimkhan.adetUITests";
				PRODUCT_NAME = "$(TARGET_NAME)";
				SWIFT_EMIT_LOC_STRINGS = NO;
				SWIFT_VERSION = 5.0;
				TARGETED_DEVICE_FAMILY = "1,2";
				TEST_TARGET_NAME = adet;
			};
			name = Debug;
		};
		47C504302DF69FE900D30B0B /* Release */ = {
			isa = XCBuildConfiguration;
			buildSettings = {
				CODE_SIGN_STYLE = Automatic;
				CURRENT_PROJECT_VERSION = 1;
				DEVELOPMENT_TEAM = M5YPTF3F3J;
				GENERATE_INFOPLIST_FILE = YES;
				MARKETING_VERSION = 1.0;
				PRODUCT_BUNDLE_IDENTIFIER = "Yergebayev-Alimkhan.adetUITests";
				PRODUCT_NAME = "$(TARGET_NAME)";
				SWIFT_EMIT_LOC_STRINGS = NO;
				SWIFT_VERSION = 5.0;
				TARGETED_DEVICE_FAMILY = "1,2";
				TEST_TARGET_NAME = adet;
			};
			name = Release;
		};
/* End XCBuildConfiguration section */

/* Begin XCConfigurationList section */
		47C503FF2DF69FE700D30B0B /* Build configuration list for PBXProject "adet" */ = {
			isa = XCConfigurationList;
			buildConfigurations = (
				47C504262DF69FE900D30B0B /* Debug */,
				47C504272DF69FE900D30B0B /* Release */,
			);
			defaultConfigurationIsVisible = 0;
			defaultConfigurationName = Release;
		};
		47C504282DF69FE900D30B0B /* Build configuration list for PBXNativeTarget "adet" */ = {
			isa = XCConfigurationList;
			buildConfigurations = (
				47C504292DF69FE900D30B0B /* Debug */,
				47C5042A2DF69FE900D30B0B /* Release */,
			);
			defaultConfigurationIsVisible = 0;
			defaultConfigurationName = Release;
		};
		47C5042B2DF69FE900D30B0B /* Build configuration list for PBXNativeTarget "adetTests" */ = {
			isa = XCConfigurationList;
			buildConfigurations = (
				47C5042C2DF69FE900D30B0B /* Debug */,
				47C5042D2DF69FE900D30B0B /* Release */,
			);
			defaultConfigurationIsVisible = 0;
			defaultConfigurationName = Release;
		};
		47C5042E2DF69FE900D30B0B /* Build configuration list for PBXNativeTarget "adetUITests" */ = {
			isa = XCConfigurationList;
			buildConfigurations = (
				47C5042F2DF69FE900D30B0B /* Debug */,
				47C504302DF69FE900D30B0B /* Release */,
			);
			defaultConfigurationIsVisible = 0;
			defaultConfigurationName = Release;
		};
/* End XCConfigurationList section */

/* Begin XCRemoteSwiftPackageReference section */
		476019542E1D1F5100B2BD50 /* XCRemoteSwiftPackageReference "lottie-spm" */ = {
			isa = XCRemoteSwiftPackageReference;
			repositoryURL = "https://github.com/airbnb/lottie-spm.git";
			requirement = {
				kind = upToNextMajorVersion;
				minimumVersion = 4.5.2;
			};
		};
		47992D032E0BBD9200D0756A /* XCRemoteSwiftPackageReference "Kingfisher" */ = {
			isa = XCRemoteSwiftPackageReference;
			repositoryURL = "https://github.com/onevcat/Kingfisher.git";
			requirement = {
				kind = upToNextMajorVersion;
				minimumVersion = 8.3.3;
			};
		};
		47A725F02E03D2B700616FE2 /* XCRemoteSwiftPackageReference "clerk-ios" */ = {
			isa = XCRemoteSwiftPackageReference;
			repositoryURL = "https://github.com/clerk/clerk-ios";
			requirement = {
				kind = upToNextMajorVersion;
				minimumVersion = 0.58.0;
			};
		};
/* End XCRemoteSwiftPackageReference section */

/* Begin XCSwiftPackageProductDependency section */
		476019552E1D1F5100B2BD50 /* Lottie */ = {
			isa = XCSwiftPackageProductDependency;
			package = 476019542E1D1F5100B2BD50 /* XCRemoteSwiftPackageReference "lottie-spm" */;
			productName = Lottie;
		};
		47992D042E0BBD9200D0756A /* Kingfisher */ = {
			isa = XCSwiftPackageProductDependency;
			package = 47992D032E0BBD9200D0756A /* XCRemoteSwiftPackageReference "Kingfisher" */;
			productName = Kingfisher;
		};
		47A725F12E03D2B700616FE2 /* Clerk */ = {
			isa = XCSwiftPackageProductDependency;
			package = 47A725F02E03D2B700616FE2 /* XCRemoteSwiftPackageReference "clerk-ios" */;
			productName = Clerk;
		};
/* End XCSwiftPackageProductDependency section */
	};
	rootObject = 47C503FC2DF69FE700D30B0B /* Project object */;
}
